
Microsoft Visual Studio Solution File, Format Version 11.00
# Visual Studio 2010
Project("{FAE04EC0-301F-11D3-BF4B-00C04F79EFBC}") = "Unity.Services.Core.Telemetry", "Unity.Services.Core.Telemetry.csproj", "{22f7aa21-b69b-9a73-c6f8-cbe635ea489b}"
EndProject
Project("{FAE04EC0-301F-11D3-BF4B-00C04F79EFBC}") = "UnityEngine.TestRunner", "UnityEngine.TestRunner.csproj", "{cb99c1fa-529d-89fb-c2a5-0968e7fe93df}"
EndProject
Project("{FAE04EC0-301F-11D3-BF4B-00C04F79EFBC}") = "UnityEngine.UI", "UnityEngine.UI.csproj", "{50e9c8e8-bc51-db96-edb4-a2029940e9a2}"
EndProject
Project("{FAE04EC0-301F-11D3-BF4B-00C04F79EFBC}") = "Unity.Services.Core.Internal", "Unity.Services.Core.Internal.csproj", "{d354fedb-1b7f-43b5-07b1-405387728140}"
EndProject
Project("{FAE04EC0-301F-11D3-BF4B-00C04F79EFBC}") = "Unity.Timeline", "Unity.Timeline.csproj", "{1c648936-a3a0-e10a-5b4a-b205a1fa5736}"
EndProject
Project("{FAE04EC0-301F-11D3-BF4B-00C04F79EFBC}") = "Unity.TextMeshPro", "Unity.TextMeshPro.csproj", "{8868ca1f-e7e5-1aeb-43a7-358eba72e9f0}"
EndProject
Project("{FAE04EC0-301F-11D3-BF4B-00C04F79EFBC}") = "Unity.Services.Core.Environments.Internal", "Unity.Services.Core.Environments.Internal.csproj", "{9503c2c8-3afd-a27e-b199-634e02d5843b}"
EndProject
Project("{FAE04EC0-301F-11D3-BF4B-00C04F79EFBC}") = "Unity.Services.Core", "Unity.Services.Core.csproj", "{e8ea6305-3f90-d530-fa47-43a6067b2fc7}"
EndProject
Project("{FAE04EC0-301F-11D3-BF4B-00C04F79EFBC}") = "Unity.Services.Core.Configuration", "Unity.Services.Core.Configuration.csproj", "{fce0570b-83aa-d5ce-ab7c-c50417811bd0}"
EndProject
Project("{FAE04EC0-301F-11D3-BF4B-00C04F79EFBC}") = "Unity.Services.Core.Environments", "Unity.Services.Core.Environments.csproj", "{204f281e-351f-1d06-1dc1-3fb4905e54cb}"
EndProject
Project("{FAE04EC0-301F-11D3-BF4B-00C04F79EFBC}") = "Unity.Services.Core.Networking", "Unity.Services.Core.Networking.csproj", "{558f3962-d157-0dc0-ddb3-f1ee30ef6c53}"
EndProject
Project("{FAE04EC0-301F-11D3-BF4B-00C04F79EFBC}") = "Unity.Services.Core.Analytics", "Unity.Services.Core.Analytics.csproj", "{61805b47-ca5c-b825-38cb-d3696c41c72e}"
EndProject
Project("{FAE04EC0-301F-11D3-BF4B-00C04F79EFBC}") = "Unity.Services.Core.Scheduler", "Unity.Services.Core.Scheduler.csproj", "{6a2646a4-4b7c-222d-8c11-d660ed2de631}"
EndProject
Project("{FAE04EC0-301F-11D3-BF4B-00C04F79EFBC}") = "Unity.Services.Core.Registration", "Unity.Services.Core.Registration.csproj", "{20eb2a87-db63-4470-6b9a-e3a86ea42513}"
EndProject
Project("{FAE04EC0-301F-11D3-BF4B-00C04F79EFBC}") = "Unity.Services.Core.Device", "Unity.Services.Core.Device.csproj", "{8177d9f0-258a-6931-5891-da786709c018}"
EndProject
Project("{FAE04EC0-301F-11D3-BF4B-00C04F79EFBC}") = "Unity.Services.Core.Threading", "Unity.Services.Core.Threading.csproj", "{b9b308b2-bfe3-c307-6516-689d38fee070}"
EndProject
Project("{FAE04EC0-301F-11D3-BF4B-00C04F79EFBC}") = "Assembly-CSharp", "Assembly-CSharp.csproj", "{78db06b0-53b3-f970-9074-dfff4edd1dca}"
EndProject
Project("{FAE04EC0-301F-11D3-BF4B-00C04F79EFBC}") = "UnityEditor.TestRunner", "UnityEditor.TestRunner.csproj", "{22e965e2-450b-0247-fa5d-d5b11ba0b744}"
EndProject
Project("{FAE04EC0-301F-11D3-BF4B-00C04F79EFBC}") = "Unity.PlasticSCM.Editor", "Unity.PlasticSCM.Editor.csproj", "{2836614c-3eca-9bb5-0372-2168677fec73}"
EndProject
Project("{FAE04EC0-301F-11D3-BF4B-00C04F79EFBC}") = "UnityEditor.UI", "UnityEditor.UI.csproj", "{f52f1690-7a31-3598-27e8-df1b9d9062b0}"
EndProject
Project("{FAE04EC0-301F-11D3-BF4B-00C04F79EFBC}") = "Unity.Timeline.Editor", "Unity.Timeline.Editor.csproj", "{55ebf603-0e06-7d5a-68e8-f8526fcf4083}"
EndProject
Project("{FAE04EC0-301F-11D3-BF4B-00C04F79EFBC}") = "Unity.VisualStudio.Editor", "Unity.VisualStudio.Editor.csproj", "{a38b08c1-93af-a429-a70f-32f40fef9020}"
EndProject
Project("{FAE04EC0-301F-11D3-BF4B-00C04F79EFBC}") = "Unity.TextMeshPro.Editor", "Unity.TextMeshPro.Editor.csproj", "{a8e388f0-5981-c56b-51e1-111e0d2bc243}"
EndProject
Project("{FAE04EC0-301F-11D3-BF4B-00C04F79EFBC}") = "Unity.CollabProxy.Editor", "Unity.CollabProxy.Editor.csproj", "{c7e76058-733e-c668-e5f4-571f949b6ba4}"
EndProject
Project("{FAE04EC0-301F-11D3-BF4B-00C04F79EFBC}") = "Unity.Services.Core.Editor", "Unity.Services.Core.Editor.csproj", "{42169fa0-e837-1d3d-d69b-9a292670f019}"
EndProject
Project("{FAE04EC0-301F-11D3-BF4B-00C04F79EFBC}") = "Unity.Rider.Editor", "Unity.Rider.Editor.csproj", "{54d9862a-7788-1301-5d79-d9df0b113a12}"
EndProject
Project("{FAE04EC0-301F-11D3-BF4B-00C04F79EFBC}") = "Unity.VSCode.Editor", "Unity.VSCode.Editor.csproj", "{984560ff-12f6-505e-f57a-e2bc6abbcebe}"
EndProject
Project("{FAE04EC0-301F-11D3-BF4B-00C04F79EFBC}") = "Unity.Services.Core.Configuration.Editor", "Unity.Services.Core.Configuration.Editor.csproj", "{76bf0fde-bbe1-4f23-66b8-191e84b0a33f}"
EndProject
Global
	GlobalSection(SolutionConfigurationPlatforms) = preSolution
		Debug|Any CPU = Debug|Any CPU
	EndGlobalSection
	GlobalSection(ProjectConfigurationPlatforms) = postSolution
		{22f7aa21-b69b-9a73-c6f8-cbe635ea489b}.Debug|Any CPU.ActiveCfg = Debug|Any CPU
		{22f7aa21-b69b-9a73-c6f8-cbe635ea489b}.Debug|Any CPU.Build.0 = Debug|Any CPU
		{cb99c1fa-529d-89fb-c2a5-0968e7fe93df}.Debug|Any CPU.ActiveCfg = Debug|Any CPU
		{cb99c1fa-529d-89fb-c2a5-0968e7fe93df}.Debug|Any CPU.Build.0 = Debug|Any CPU
		{50e9c8e8-bc51-db96-edb4-a2029940e9a2}.Debug|Any CPU.ActiveCfg = Debug|Any CPU
		{50e9c8e8-bc51-db96-edb4-a2029940e9a2}.Debug|Any CPU.Build.0 = Debug|Any CPU
		{d354fedb-1b7f-43b5-07b1-405387728140}.Debug|Any CPU.ActiveCfg = Debug|Any CPU
		{d354fedb-1b7f-43b5-07b1-405387728140}.Debug|Any CPU.Build.0 = Debug|Any CPU
		{1c648936-a3a0-e10a-5b4a-b205a1fa5736}.Debug|Any CPU.ActiveCfg = Debug|Any CPU
		{1c648936-a3a0-e10a-5b4a-b205a1fa5736}.Debug|Any CPU.Build.0 = Debug|Any CPU
		{8868ca1f-e7e5-1aeb-43a7-358eba72e9f0}.Debug|Any CPU.ActiveCfg = Debug|Any CPU
		{8868ca1f-e7e5-1aeb-43a7-358eba72e9f0}.Debug|Any CPU.Build.0 = Debug|Any CPU
		{9503c2c8-3afd-a27e-b199-634e02d5843b}.Debug|Any CPU.ActiveCfg = Debug|Any CPU
		{9503c2c8-3afd-a27e-b199-634e02d5843b}.Debug|Any CPU.Build.0 = Debug|Any CPU
		{e8ea6305-3f90-d530-fa47-43a6067b2fc7}.Debug|Any CPU.ActiveCfg = Debug|Any CPU
		{e8ea6305-3f90-d530-fa47-43a6067b2fc7}.Debug|Any CPU.Build.0 = Debug|Any CPU
		{fce0570b-83aa-d5ce-ab7c-c50417811bd0}.Debug|Any CPU.ActiveCfg = Debug|Any CPU
		{fce0570b-83aa-d5ce-ab7c-c50417811bd0}.Debug|Any CPU.Build.0 = Debug|Any CPU
		{204f281e-351f-1d06-1dc1-3fb4905e54cb}.Debug|Any CPU.ActiveCfg = Debug|Any CPU
		{204f281e-351f-1d06-1dc1-3fb4905e54cb}.Debug|Any CPU.Build.0 = Debug|Any CPU
		{558f3962-d157-0dc0-ddb3-f1ee30ef6c53}.Debug|Any CPU.ActiveCfg = Debug|Any CPU
		{558f3962-d157-0dc0-ddb3-f1ee30ef6c53}.Debug|Any CPU.Build.0 = Debug|Any CPU
		{61805b47-ca5c-b825-38cb-d3696c41c72e}.Debug|Any CPU.ActiveCfg = Debug|Any CPU
		{61805b47-ca5c-b825-38cb-d3696c41c72e}.Debug|Any CPU.Build.0 = Debug|Any CPU
		{6a2646a4-4b7c-222d-8c11-d660ed2de631}.Debug|Any CPU.ActiveCfg = Debug|Any CPU
		{6a2646a4-4b7c-222d-8c11-d660ed2de631}.Debug|Any CPU.Build.0 = Debug|Any CPU
		{20eb2a87-db63-4470-6b9a-e3a86ea42513}.Debug|Any CPU.ActiveCfg = Debug|Any CPU
		{20eb2a87-db63-4470-6b9a-e3a86ea42513}.Debug|Any CPU.Build.0 = Debug|Any CPU
		{8177d9f0-258a-6931-5891-da786709c018}.Debug|Any CPU.ActiveCfg = Debug|Any CPU
		{8177d9f0-258a-6931-5891-da786709c018}.Debug|Any CPU.Build.0 = Debug|Any CPU
		{b9b308b2-bfe3-c307-6516-689d38fee070}.Debug|Any CPU.ActiveCfg = Debug|Any CPU
		{b9b308b2-bfe3-c307-6516-689d38fee070}.Debug|Any CPU.Build.0 = Debug|Any CPU
		{78db06b0-53b3-f970-9074-dfff4edd1dca}.Debug|Any CPU.ActiveCfg = Debug|Any CPU
		{78db06b0-53b3-f970-9074-dfff4edd1dca}.Debug|Any CPU.Build.0 = Debug|Any CPU
		{22e965e2-450b-0247-fa5d-d5b11ba0b744}.Debug|Any CPU.ActiveCfg = Debug|Any CPU
		{22e965e2-450b-0247-fa5d-d5b11ba0b744}.Debug|Any CPU.Build.0 = Debug|Any CPU
		{2836614c-3eca-9bb5-0372-2168677fec73}.Debug|Any CPU.ActiveCfg = Debug|Any CPU
		{2836614c-3eca-9bb5-0372-2168677fec73}.Debug|Any CPU.Build.0 = Debug|Any CPU
		{f52f1690-7a31-3598-27e8-df1b9d9062b0}.Debug|Any CPU.ActiveCfg = Debug|Any CPU
		{f52f1690-7a31-3598-27e8-df1b9d9062b0}.Debug|Any CPU.Build.0 = Debug|Any CPU
		{55ebf603-0e06-7d5a-68e8-f8526fcf4083}.Debug|Any CPU.ActiveCfg = Debug|Any CPU
		{55ebf603-0e06-7d5a-68e8-f8526fcf4083}.Debug|Any CPU.Build.0 = Debug|Any CPU
		{a38b08c1-93af-a429-a70f-32f40fef9020}.Debug|Any CPU.ActiveCfg = Debug|Any CPU
		{a38b08c1-93af-a429-a70f-32f40fef9020}.Debug|Any CPU.Build.0 = Debug|Any CPU
		{a8e388f0-5981-c56b-51e1-111e0d2bc243}.Debug|Any CPU.ActiveCfg = Debug|Any CPU
		{a8e388f0-5981-c56b-51e1-111e0d2bc243}.Debug|Any CPU.Build.0 = Debug|Any CPU
		{c7e76058-733e-c668-e5f4-571f949b6ba4}.Debug|Any CPU.ActiveCfg = Debug|Any CPU
		{c7e76058-733e-c668-e5f4-571f949b6ba4}.Debug|Any CPU.Build.0 = Debug|Any CPU
		{42169fa0-e837-1d3d-d69b-9a292670f019}.Debug|Any CPU.ActiveCfg = Debug|Any CPU
		{42169fa0-e837-1d3d-d69b-9a292670f019}.Debug|Any CPU.Build.0 = Debug|Any CPU
		{54d9862a-7788-1301-5d79-d9df0b113a12}.Debug|Any CPU.ActiveCfg = Debug|Any CPU
		{54d9862a-7788-1301-5d79-d9df0b113a12}.Debug|Any CPU.Build.0 = Debug|Any CPU
		{984560ff-12f6-505e-f57a-e2bc6abbcebe}.Debug|Any CPU.ActiveCfg = Debug|Any CPU
		{984560ff-12f6-505e-f57a-e2bc6abbcebe}.Debug|Any CPU.Build.0 = Debug|Any CPU
		{76bf0fde-bbe1-4f23-66b8-191e84b0a33f}.Debug|Any CPU.ActiveCfg = Debug|Any CPU
		{76bf0fde-bbe1-4f23-66b8-191e84b0a33f}.Debug|Any CPU.Build.0 = Debug|Any CPU
	EndGlobalSection
	GlobalSection(SolutionProperties) = preSolution
		HideSolutionNode = FALSE
	EndGlobalSection
EndGlobal
