
Microsoft Visual Studio Solution File, Format Version 11.00
# Visual Studio 2010
Project("{FAE04EC0-301F-11D3-BF4B-00C04F79EFBC}") = "UnityEngine.TestRunner", "UnityEngine.TestRunner.csproj", "{6e97bd5c-3bc8-3ec1-872b-4f9d75420c05}"
EndProject
Project("{FAE04EC0-301F-11D3-BF4B-00C04F79EFBC}") = "UnityEngine.UI", "UnityEngine.UI.csproj", "{b6baecf6-a120-2e28-f236-6fd54bb24538}"
EndProject
Project("{FAE04EC0-301F-11D3-BF4B-00C04F79EFBC}") = "Unity.VisualScripting.Flow", "Unity.VisualScripting.Flow.csproj", "{5f41c298-b8a7-752c-72ad-46aabc2d7178}"
EndProject
Project("{FAE04EC0-301F-11D3-BF4B-00C04F79EFBC}") = "Unity.Services.Core.Telemetry", "Unity.Services.Core.Telemetry.csproj", "{3544c3c6-77c2-8b13-1005-3b0941222302}"
EndProject
Project("{FAE04EC0-301F-11D3-BF4B-00C04F79EFBC}") = "Unity.VisualScripting.State", "Unity.VisualScripting.State.csproj", "{ca8736fc-50e3-e331-4e59-6a3622db882b}"
EndProject
Project("{FAE04EC0-301F-11D3-BF4B-00C04F79EFBC}") = "Unity.VisualScripting.Core", "Unity.VisualScripting.Core.csproj", "{3e3fded7-1426-98b0-adad-7144b7edc2ee}"
EndProject
Project("{FAE04EC0-301F-11D3-BF4B-00C04F79EFBC}") = "Unity.Services.Core.Environments.Internal", "Unity.Services.Core.Environments.Internal.csproj", "{086b0a88-90c5-b670-9103-2aae9fe429d8}"
EndProject
Project("{FAE04EC0-301F-11D3-BF4B-00C04F79EFBC}") = "Unity.TextMeshPro", "Unity.TextMeshPro.csproj", "{b63c14d1-b264-0bba-6352-6924d1937a01}"
EndProject
Project("{FAE04EC0-301F-11D3-BF4B-00C04F79EFBC}") = "Unity.Timeline", "Unity.Timeline.csproj", "{61e43725-1097-fbac-1c09-709adcc3a675}"
EndProject
Project("{FAE04EC0-301F-11D3-BF4B-00C04F79EFBC}") = "Unity.Services.Core", "Unity.Services.Core.csproj", "{6be9c17e-26f3-0fab-e01a-cb9b2869b144}"
EndProject
Project("{FAE04EC0-301F-11D3-BF4B-00C04F79EFBC}") = "Unity.Services.Core.Environments", "Unity.Services.Core.Environments.csproj", "{98012856-3870-a44d-ded9-1d13e3098008}"
EndProject
Project("{FAE04EC0-301F-11D3-BF4B-00C04F79EFBC}") = "Unity.Services.Core.Internal", "Unity.Services.Core.Internal.csproj", "{7990730d-fec4-819b-99a7-0210beb0aec9}"
EndProject
Project("{FAE04EC0-301F-11D3-BF4B-00C04F79EFBC}") = "Unity.Services.Core.Analytics", "Unity.Services.Core.Analytics.csproj", "{805d6b4b-ced0-d09f-46d1-7dca1e224a81}"
EndProject
Project("{FAE04EC0-301F-11D3-BF4B-00C04F79EFBC}") = "Unity.Services.Core.Scheduler", "Unity.Services.Core.Scheduler.csproj", "{2be4e5f3-faa2-5d3c-7001-e91251121b24}"
EndProject
Project("{FAE04EC0-301F-11D3-BF4B-00C04F79EFBC}") = "Unity.Services.Core.Registration", "Unity.Services.Core.Registration.csproj", "{31bee8d3-762b-d6d5-5425-f18f084b0e86}"
EndProject
Project("{FAE04EC0-301F-11D3-BF4B-00C04F79EFBC}") = "Unity.Services.Core.Device", "Unity.Services.Core.Device.csproj", "{1de821ca-b5e8-c164-3660-9013d4e91f52}"
EndProject
Project("{FAE04EC0-301F-11D3-BF4B-00C04F79EFBC}") = "Unity.Services.Core.Threading", "Unity.Services.Core.Threading.csproj", "{ff1548fd-ec28-821c-6f35-30c6002b1577}"
EndProject
Project("{FAE04EC0-301F-11D3-BF4B-00C04F79EFBC}") = "Assembly-CSharp", "Assembly-CSharp.csproj", "{1dd4a95f-630c-3a9f-67f0-237da42fef60}"
EndProject
Project("{FAE04EC0-301F-11D3-BF4B-00C04F79EFBC}") = "Unity.Services.Core.Networking", "Unity.Services.Core.Networking.csproj", "{bbbea604-dfa1-347d-a934-08ce1c23bd84}"
EndProject
Project("{FAE04EC0-301F-11D3-BF4B-00C04F79EFBC}") = "Unity.Services.Core.Configuration", "Unity.Services.Core.Configuration.csproj", "{4df3c6b7-9139-7540-50b1-f01ee2ec732b}"
EndProject
Project("{FAE04EC0-301F-11D3-BF4B-00C04F79EFBC}") = "Unity.PlasticSCM.Editor", "Unity.PlasticSCM.Editor.csproj", "{5ff64b2b-a7e7-d80e-0e79-248a147a8e28}"
EndProject
Project("{FAE04EC0-301F-11D3-BF4B-00C04F79EFBC}") = "Unity.VisualScripting.Core.Editor", "Unity.VisualScripting.Core.Editor.csproj", "{8e45de91-ea02-eea6-1473-66a0e6c92c1b}"
EndProject
Project("{FAE04EC0-301F-11D3-BF4B-00C04F79EFBC}") = "Unity.VisualScripting.Flow.Editor", "Unity.VisualScripting.Flow.Editor.csproj", "{0af43a64-69fe-9556-44be-80fed207ffce}"
EndProject
Project("{FAE04EC0-301F-11D3-BF4B-00C04F79EFBC}") = "Unity.VisualStudio.Editor", "Unity.VisualStudio.Editor.csproj", "{e10f9f90-064c-8383-1210-d1d5c41ec120}"
EndProject
Project("{FAE04EC0-301F-11D3-BF4B-00C04F79EFBC}") = "Unity.Timeline.Editor", "Unity.Timeline.Editor.csproj", "{73f8768a-3e2c-a46c-1070-b99b4235325e}"
EndProject
Project("{FAE04EC0-301F-11D3-BF4B-00C04F79EFBC}") = "Unity.VisualScripting.State.Editor", "Unity.VisualScripting.State.Editor.csproj", "{287beeb0-3ec1-8e83-c8df-f0c1c6bcb06a}"
EndProject
Project("{FAE04EC0-301F-11D3-BF4B-00C04F79EFBC}") = "Unity.TextMeshPro.Editor", "Unity.TextMeshPro.Editor.csproj", "{d179bf9c-7631-e05a-e4d1-ea33cd754148}"
EndProject
Project("{FAE04EC0-301F-11D3-BF4B-00C04F79EFBC}") = "Unity.VisualScripting.SettingsProvider.Editor", "Unity.VisualScripting.SettingsProvider.Editor.csproj", "{4676d8eb-5c28-4540-7195-e56e479facf3}"
EndProject
Project("{FAE04EC0-301F-11D3-BF4B-00C04F79EFBC}") = "Unity.CollabProxy.Editor", "Unity.CollabProxy.Editor.csproj", "{9ddd59e4-bc74-66c8-24cf-51362405ba5c}"
EndProject
Project("{FAE04EC0-301F-11D3-BF4B-00C04F79EFBC}") = "UnityEditor.TestRunner", "UnityEditor.TestRunner.csproj", "{ae7e8c2f-50c7-9b7b-8236-a96263d8fdc0}"
EndProject
Project("{FAE04EC0-301F-11D3-BF4B-00C04F79EFBC}") = "Unity.Services.Core.Editor", "Unity.Services.Core.Editor.csproj", "{5f790c45-2e5d-7cb2-60dc-6e5980b751ea}"
EndProject
Project("{FAE04EC0-301F-11D3-BF4B-00C04F79EFBC}") = "Unity.TestTools.CodeCoverage.Editor", "Unity.TestTools.CodeCoverage.Editor.csproj", "{2328c308-89b1-81db-51b6-d22c34c53e6c}"
EndProject
Project("{FAE04EC0-301F-11D3-BF4B-00C04F79EFBC}") = "Unity.Rider.Editor", "Unity.Rider.Editor.csproj", "{2557a76c-308c-c981-1082-85117b65f9d9}"
EndProject
Project("{FAE04EC0-301F-11D3-BF4B-00C04F79EFBC}") = "Unity.Performance.Profile-Analyzer.Editor", "Unity.Performance.Profile-Analyzer.Editor.csproj", "{f5623dc7-0593-1e27-67d0-f86eb5a53e8a}"
EndProject
Project("{FAE04EC0-301F-11D3-BF4B-00C04F79EFBC}") = "Unity.VSCode.Editor", "Unity.VSCode.Editor.csproj", "{e1163af5-6e62-342e-4659-3d4cee98bb7b}"
EndProject
Project("{FAE04EC0-301F-11D3-BF4B-00C04F79EFBC}") = "UnityEditor.UI", "UnityEditor.UI.csproj", "{b491fc17-e774-06ca-dcab-4567b8c5c2ad}"
EndProject
Project("{FAE04EC0-301F-11D3-BF4B-00C04F79EFBC}") = "Unity.TestTools.CodeCoverage.Editor.OpenCover.Model", "Unity.TestTools.CodeCoverage.Editor.OpenCover.Model.csproj", "{2043db8f-e262-fd36-594e-0143d4245f4a}"
EndProject
Project("{FAE04EC0-301F-11D3-BF4B-00C04F79EFBC}") = "Unity.EditorCoroutines.Editor", "Unity.EditorCoroutines.Editor.csproj", "{ef80efde-7695-574a-5185-f9dcb5fb849c}"
EndProject
Project("{FAE04EC0-301F-11D3-BF4B-00C04F79EFBC}") = "Unity.Settings.Editor", "Unity.Settings.Editor.csproj", "{2e9df4cc-a26e-5a42-fa0e-637f3cbfde24}"
EndProject
Project("{FAE04EC0-301F-11D3-BF4B-00C04F79EFBC}") = "Unity.Services.Core.Configuration.Editor", "Unity.Services.Core.Configuration.Editor.csproj", "{8f75a9b6-a326-7f6b-f8cf-bbbf108a7c43}"
EndProject
Project("{FAE04EC0-301F-11D3-BF4B-00C04F79EFBC}") = "Unity.TestTools.CodeCoverage.Editor.OpenCover.Mono.Reflection", "Unity.TestTools.CodeCoverage.Editor.OpenCover.Mono.Reflection.csproj", "{42b6ea09-0b4a-117b-b7c8-41d238f42e37}"
EndProject
Project("{FAE04EC0-301F-11D3-BF4B-00C04F79EFBC}") = "Unity.VisualScripting.Shared.Editor", "Unity.VisualScripting.Shared.Editor.csproj", "{13ad091a-a2d7-5477-c18d-78691c2446ef}"
EndProject
Global
	GlobalSection(SolutionConfigurationPlatforms) = preSolution
		Debug|Any CPU = Debug|Any CPU
	EndGlobalSection
	GlobalSection(ProjectConfigurationPlatforms) = postSolution
		{6e97bd5c-3bc8-3ec1-872b-4f9d75420c05}.Debug|Any CPU.ActiveCfg = Debug|Any CPU
		{6e97bd5c-3bc8-3ec1-872b-4f9d75420c05}.Debug|Any CPU.Build.0 = Debug|Any CPU
		{b6baecf6-a120-2e28-f236-6fd54bb24538}.Debug|Any CPU.ActiveCfg = Debug|Any CPU
		{b6baecf6-a120-2e28-f236-6fd54bb24538}.Debug|Any CPU.Build.0 = Debug|Any CPU
		{5f41c298-b8a7-752c-72ad-46aabc2d7178}.Debug|Any CPU.ActiveCfg = Debug|Any CPU
		{5f41c298-b8a7-752c-72ad-46aabc2d7178}.Debug|Any CPU.Build.0 = Debug|Any CPU
		{3544c3c6-77c2-8b13-1005-3b0941222302}.Debug|Any CPU.ActiveCfg = Debug|Any CPU
		{3544c3c6-77c2-8b13-1005-3b0941222302}.Debug|Any CPU.Build.0 = Debug|Any CPU
		{ca8736fc-50e3-e331-4e59-6a3622db882b}.Debug|Any CPU.ActiveCfg = Debug|Any CPU
		{ca8736fc-50e3-e331-4e59-6a3622db882b}.Debug|Any CPU.Build.0 = Debug|Any CPU
		{3e3fded7-1426-98b0-adad-7144b7edc2ee}.Debug|Any CPU.ActiveCfg = Debug|Any CPU
		{3e3fded7-1426-98b0-adad-7144b7edc2ee}.Debug|Any CPU.Build.0 = Debug|Any CPU
		{086b0a88-90c5-b670-9103-2aae9fe429d8}.Debug|Any CPU.ActiveCfg = Debug|Any CPU
		{086b0a88-90c5-b670-9103-2aae9fe429d8}.Debug|Any CPU.Build.0 = Debug|Any CPU
		{b63c14d1-b264-0bba-6352-6924d1937a01}.Debug|Any CPU.ActiveCfg = Debug|Any CPU
		{b63c14d1-b264-0bba-6352-6924d1937a01}.Debug|Any CPU.Build.0 = Debug|Any CPU
		{61e43725-1097-fbac-1c09-709adcc3a675}.Debug|Any CPU.ActiveCfg = Debug|Any CPU
		{61e43725-1097-fbac-1c09-709adcc3a675}.Debug|Any CPU.Build.0 = Debug|Any CPU
		{6be9c17e-26f3-0fab-e01a-cb9b2869b144}.Debug|Any CPU.ActiveCfg = Debug|Any CPU
		{6be9c17e-26f3-0fab-e01a-cb9b2869b144}.Debug|Any CPU.Build.0 = Debug|Any CPU
		{98012856-3870-a44d-ded9-1d13e3098008}.Debug|Any CPU.ActiveCfg = Debug|Any CPU
		{98012856-3870-a44d-ded9-1d13e3098008}.Debug|Any CPU.Build.0 = Debug|Any CPU
		{7990730d-fec4-819b-99a7-0210beb0aec9}.Debug|Any CPU.ActiveCfg = Debug|Any CPU
		{7990730d-fec4-819b-99a7-0210beb0aec9}.Debug|Any CPU.Build.0 = Debug|Any CPU
		{805d6b4b-ced0-d09f-46d1-7dca1e224a81}.Debug|Any CPU.ActiveCfg = Debug|Any CPU
		{805d6b4b-ced0-d09f-46d1-7dca1e224a81}.Debug|Any CPU.Build.0 = Debug|Any CPU
		{2be4e5f3-faa2-5d3c-7001-e91251121b24}.Debug|Any CPU.ActiveCfg = Debug|Any CPU
		{2be4e5f3-faa2-5d3c-7001-e91251121b24}.Debug|Any CPU.Build.0 = Debug|Any CPU
		{31bee8d3-762b-d6d5-5425-f18f084b0e86}.Debug|Any CPU.ActiveCfg = Debug|Any CPU
		{31bee8d3-762b-d6d5-5425-f18f084b0e86}.Debug|Any CPU.Build.0 = Debug|Any CPU
		{1de821ca-b5e8-c164-3660-9013d4e91f52}.Debug|Any CPU.ActiveCfg = Debug|Any CPU
		{1de821ca-b5e8-c164-3660-9013d4e91f52}.Debug|Any CPU.Build.0 = Debug|Any CPU
		{ff1548fd-ec28-821c-6f35-30c6002b1577}.Debug|Any CPU.ActiveCfg = Debug|Any CPU
		{ff1548fd-ec28-821c-6f35-30c6002b1577}.Debug|Any CPU.Build.0 = Debug|Any CPU
		{1dd4a95f-630c-3a9f-67f0-237da42fef60}.Debug|Any CPU.ActiveCfg = Debug|Any CPU
		{1dd4a95f-630c-3a9f-67f0-237da42fef60}.Debug|Any CPU.Build.0 = Debug|Any CPU
		{bbbea604-dfa1-347d-a934-08ce1c23bd84}.Debug|Any CPU.ActiveCfg = Debug|Any CPU
		{bbbea604-dfa1-347d-a934-08ce1c23bd84}.Debug|Any CPU.Build.0 = Debug|Any CPU
		{4df3c6b7-9139-7540-50b1-f01ee2ec732b}.Debug|Any CPU.ActiveCfg = Debug|Any CPU
		{4df3c6b7-9139-7540-50b1-f01ee2ec732b}.Debug|Any CPU.Build.0 = Debug|Any CPU
		{5ff64b2b-a7e7-d80e-0e79-248a147a8e28}.Debug|Any CPU.ActiveCfg = Debug|Any CPU
		{5ff64b2b-a7e7-d80e-0e79-248a147a8e28}.Debug|Any CPU.Build.0 = Debug|Any CPU
		{8e45de91-ea02-eea6-1473-66a0e6c92c1b}.Debug|Any CPU.ActiveCfg = Debug|Any CPU
		{8e45de91-ea02-eea6-1473-66a0e6c92c1b}.Debug|Any CPU.Build.0 = Debug|Any CPU
		{0af43a64-69fe-9556-44be-80fed207ffce}.Debug|Any CPU.ActiveCfg = Debug|Any CPU
		{0af43a64-69fe-9556-44be-80fed207ffce}.Debug|Any CPU.Build.0 = Debug|Any CPU
		{e10f9f90-064c-8383-1210-d1d5c41ec120}.Debug|Any CPU.ActiveCfg = Debug|Any CPU
		{e10f9f90-064c-8383-1210-d1d5c41ec120}.Debug|Any CPU.Build.0 = Debug|Any CPU
		{73f8768a-3e2c-a46c-1070-b99b4235325e}.Debug|Any CPU.ActiveCfg = Debug|Any CPU
		{73f8768a-3e2c-a46c-1070-b99b4235325e}.Debug|Any CPU.Build.0 = Debug|Any CPU
		{287beeb0-3ec1-8e83-c8df-f0c1c6bcb06a}.Debug|Any CPU.ActiveCfg = Debug|Any CPU
		{287beeb0-3ec1-8e83-c8df-f0c1c6bcb06a}.Debug|Any CPU.Build.0 = Debug|Any CPU
		{d179bf9c-7631-e05a-e4d1-ea33cd754148}.Debug|Any CPU.ActiveCfg = Debug|Any CPU
		{d179bf9c-7631-e05a-e4d1-ea33cd754148}.Debug|Any CPU.Build.0 = Debug|Any CPU
		{4676d8eb-5c28-4540-7195-e56e479facf3}.Debug|Any CPU.ActiveCfg = Debug|Any CPU
		{4676d8eb-5c28-4540-7195-e56e479facf3}.Debug|Any CPU.Build.0 = Debug|Any CPU
		{9ddd59e4-bc74-66c8-24cf-51362405ba5c}.Debug|Any CPU.ActiveCfg = Debug|Any CPU
		{9ddd59e4-bc74-66c8-24cf-51362405ba5c}.Debug|Any CPU.Build.0 = Debug|Any CPU
		{ae7e8c2f-50c7-9b7b-8236-a96263d8fdc0}.Debug|Any CPU.ActiveCfg = Debug|Any CPU
		{ae7e8c2f-50c7-9b7b-8236-a96263d8fdc0}.Debug|Any CPU.Build.0 = Debug|Any CPU
		{5f790c45-2e5d-7cb2-60dc-6e5980b751ea}.Debug|Any CPU.ActiveCfg = Debug|Any CPU
		{5f790c45-2e5d-7cb2-60dc-6e5980b751ea}.Debug|Any CPU.Build.0 = Debug|Any CPU
		{2328c308-89b1-81db-51b6-d22c34c53e6c}.Debug|Any CPU.ActiveCfg = Debug|Any CPU
		{2328c308-89b1-81db-51b6-d22c34c53e6c}.Debug|Any CPU.Build.0 = Debug|Any CPU
		{2557a76c-308c-c981-1082-85117b65f9d9}.Debug|Any CPU.ActiveCfg = Debug|Any CPU
		{2557a76c-308c-c981-1082-85117b65f9d9}.Debug|Any CPU.Build.0 = Debug|Any CPU
		{f5623dc7-0593-1e27-67d0-f86eb5a53e8a}.Debug|Any CPU.ActiveCfg = Debug|Any CPU
		{f5623dc7-0593-1e27-67d0-f86eb5a53e8a}.Debug|Any CPU.Build.0 = Debug|Any CPU
		{e1163af5-6e62-342e-4659-3d4cee98bb7b}.Debug|Any CPU.ActiveCfg = Debug|Any CPU
		{e1163af5-6e62-342e-4659-3d4cee98bb7b}.Debug|Any CPU.Build.0 = Debug|Any CPU
		{b491fc17-e774-06ca-dcab-4567b8c5c2ad}.Debug|Any CPU.ActiveCfg = Debug|Any CPU
		{b491fc17-e774-06ca-dcab-4567b8c5c2ad}.Debug|Any CPU.Build.0 = Debug|Any CPU
		{2043db8f-e262-fd36-594e-0143d4245f4a}.Debug|Any CPU.ActiveCfg = Debug|Any CPU
		{2043db8f-e262-fd36-594e-0143d4245f4a}.Debug|Any CPU.Build.0 = Debug|Any CPU
		{ef80efde-7695-574a-5185-f9dcb5fb849c}.Debug|Any CPU.ActiveCfg = Debug|Any CPU
		{ef80efde-7695-574a-5185-f9dcb5fb849c}.Debug|Any CPU.Build.0 = Debug|Any CPU
		{2e9df4cc-a26e-5a42-fa0e-637f3cbfde24}.Debug|Any CPU.ActiveCfg = Debug|Any CPU
		{2e9df4cc-a26e-5a42-fa0e-637f3cbfde24}.Debug|Any CPU.Build.0 = Debug|Any CPU
		{8f75a9b6-a326-7f6b-f8cf-bbbf108a7c43}.Debug|Any CPU.ActiveCfg = Debug|Any CPU
		{8f75a9b6-a326-7f6b-f8cf-bbbf108a7c43}.Debug|Any CPU.Build.0 = Debug|Any CPU
		{42b6ea09-0b4a-117b-b7c8-41d238f42e37}.Debug|Any CPU.ActiveCfg = Debug|Any CPU
		{42b6ea09-0b4a-117b-b7c8-41d238f42e37}.Debug|Any CPU.Build.0 = Debug|Any CPU
		{13ad091a-a2d7-5477-c18d-78691c2446ef}.Debug|Any CPU.ActiveCfg = Debug|Any CPU
		{13ad091a-a2d7-5477-c18d-78691c2446ef}.Debug|Any CPU.Build.0 = Debug|Any CPU
	EndGlobalSection
	GlobalSection(SolutionProperties) = preSolution
		HideSolutionNode = FALSE
	EndGlobalSection
EndGlobal
