
Microsoft Visual Studio Solution File, Format Version 11.00
# Visual Studio 2010
Project("{FAE04EC0-301F-11D3-BF4B-00C04F79EFBC}") = "UnityEngine.TestRunner", "UnityEngine.TestRunner.csproj", "{dced24e7-9a28-5474-9604-f3e5269c51ce}"
EndProject
Project("{FAE04EC0-301F-11D3-BF4B-00C04F79EFBC}") = "UnityEngine.UI", "UnityEngine.UI.csproj", "{09db1330-1338-fadf-848f-7d52afa237c1}"
EndProject
Project("{FAE04EC0-301F-11D3-BF4B-00C04F79EFBC}") = "Unity.VisualScripting.Flow", "Unity.VisualScripting.Flow.csproj", "{9d0a621b-1ee2-d37e-f5a8-8873903141b8}"
EndProject
Project("{FAE04EC0-301F-11D3-BF4B-00C04F79EFBC}") = "Unity.Services.Core.Telemetry", "Unity.Services.Core.Telemetry.csproj", "{82233ba1-94ec-2479-84c4-401c3abd7fa0}"
EndProject
Project("{FAE04EC0-301F-11D3-BF4B-00C04F79EFBC}") = "Unity.VisualScripting.State", "Unity.VisualScripting.State.csproj", "{840737c1-4610-fde4-f049-7fa2ac59ee6a}"
EndProject
Project("{FAE04EC0-301F-11D3-BF4B-00C04F79EFBC}") = "Unity.VisualScripting.Core", "Unity.VisualScripting.Core.csproj", "{d0597972-301b-2910-0d70-3ffe9eeec6dd}"
EndProject
Project("{FAE04EC0-301F-11D3-BF4B-00C04F79EFBC}") = "Unity.Services.Core.Environments.Internal", "Unity.Services.Core.Environments.Internal.csproj", "{544c0f3f-3115-3e11-2312-5f3f17db0ae9}"
EndProject
Project("{FAE04EC0-301F-11D3-BF4B-00C04F79EFBC}") = "Unity.TextMeshPro", "Unity.TextMeshPro.csproj", "{e2770feb-5724-e6d2-ecfe-5a3d3705b2da}"
EndProject
Project("{FAE04EC0-301F-11D3-BF4B-00C04F79EFBC}") = "Unity.Timeline", "Unity.Timeline.csproj", "{8517fd38-c206-46de-19b8-6eb5f26807d1}"
EndProject
Project("{FAE04EC0-301F-11D3-BF4B-00C04F79EFBC}") = "Unity.Services.Core", "Unity.Services.Core.csproj", "{824a423f-8b97-ad8d-d0f6-90637d6ffb40}"
EndProject
Project("{FAE04EC0-301F-11D3-BF4B-00C04F79EFBC}") = "Unity.Services.Core.Environments", "Unity.Services.Core.Environments.csproj", "{02817e4d-ef77-1b0c-7464-ab94fddd0035}"
EndProject
Project("{FAE04EC0-301F-11D3-BF4B-00C04F79EFBC}") = "Unity.Services.Core.Internal", "Unity.Services.Core.Internal.csproj", "{884f25f1-235b-fec1-ec4c-1d19eee0f611}"
EndProject
Project("{FAE04EC0-301F-11D3-BF4B-00C04F79EFBC}") = "Unity.Services.Core.Analytics", "Unity.Services.Core.Analytics.csproj", "{1f382c13-337b-8ad1-495b-6b7ee55e1487}"
EndProject
Project("{FAE04EC0-301F-11D3-BF4B-00C04F79EFBC}") = "Unity.Services.Core.Scheduler", "Unity.Services.Core.Scheduler.csproj", "{b3b30ab6-8b59-8f5c-0428-9ab7220869c7}"
EndProject
Project("{FAE04EC0-301F-11D3-BF4B-00C04F79EFBC}") = "Unity.Services.Core.Registration", "Unity.Services.Core.Registration.csproj", "{6cb2ed77-5348-d293-0e25-473a1a3f8617}"
EndProject
Project("{FAE04EC0-301F-11D3-BF4B-00C04F79EFBC}") = "Unity.Services.Core.Device", "Unity.Services.Core.Device.csproj", "{d0ec9109-f85d-0d88-a440-86b3d36f5dda}"
EndProject
Project("{FAE04EC0-301F-11D3-BF4B-00C04F79EFBC}") = "Unity.Services.Core.Threading", "Unity.Services.Core.Threading.csproj", "{cc8dbc29-d856-bcef-8709-42cc26d65193}"
EndProject
Project("{FAE04EC0-301F-11D3-BF4B-00C04F79EFBC}") = "Assembly-CSharp", "Assembly-CSharp.csproj", "{b2847118-bc9a-4deb-2a42-77c7131bff28}"
EndProject
Project("{FAE04EC0-301F-11D3-BF4B-00C04F79EFBC}") = "Unity.Services.Core.Networking", "Unity.Services.Core.Networking.csproj", "{c1309695-02b3-3a46-603f-cf4f4771c454}"
EndProject
Project("{FAE04EC0-301F-11D3-BF4B-00C04F79EFBC}") = "Unity.Services.Core.Configuration", "Unity.Services.Core.Configuration.csproj", "{bb6ed1bd-6cca-af75-e014-5e5255f8dd66}"
EndProject
Project("{FAE04EC0-301F-11D3-BF4B-00C04F79EFBC}") = "Unity.PlasticSCM.Editor", "Unity.PlasticSCM.Editor.csproj", "{6f9a13bf-2638-ae35-7a9d-363f9cb0e7f5}"
EndProject
Project("{FAE04EC0-301F-11D3-BF4B-00C04F79EFBC}") = "Unity.VisualScripting.Core.Editor", "Unity.VisualScripting.Core.Editor.csproj", "{6e7464e0-3793-4a45-9ad6-f24c1e2e6f95}"
EndProject
Project("{FAE04EC0-301F-11D3-BF4B-00C04F79EFBC}") = "Unity.VisualScripting.Flow.Editor", "Unity.VisualScripting.Flow.Editor.csproj", "{364c0634-6b3e-f620-9eda-96285eb6b724}"
EndProject
Project("{FAE04EC0-301F-11D3-BF4B-00C04F79EFBC}") = "Unity.VisualStudio.Editor", "Unity.VisualStudio.Editor.csproj", "{489a31e6-3670-c7f8-4587-0bd9524753b5}"
EndProject
Project("{FAE04EC0-301F-11D3-BF4B-00C04F79EFBC}") = "Unity.Timeline.Editor", "Unity.Timeline.Editor.csproj", "{51079d58-552d-b6e4-6593-18791f427bcb}"
EndProject
Project("{FAE04EC0-301F-11D3-BF4B-00C04F79EFBC}") = "Unity.VisualScripting.State.Editor", "Unity.VisualScripting.State.Editor.csproj", "{32d8e858-bbcf-4987-69d6-9da15cb4c8c1}"
EndProject
Project("{FAE04EC0-301F-11D3-BF4B-00C04F79EFBC}") = "Unity.TextMeshPro.Editor", "Unity.TextMeshPro.Editor.csproj", "{250ca5b3-4af9-3b25-0586-01f8d7c6547e}"
EndProject
Project("{FAE04EC0-301F-11D3-BF4B-00C04F79EFBC}") = "Unity.VisualScripting.SettingsProvider.Editor", "Unity.VisualScripting.SettingsProvider.Editor.csproj", "{066b6395-d73d-183d-bebe-354f34782d62}"
EndProject
Project("{FAE04EC0-301F-11D3-BF4B-00C04F79EFBC}") = "Unity.CollabProxy.Editor", "Unity.CollabProxy.Editor.csproj", "{8005e400-2ab3-0140-0e53-6ce4da0feb28}"
EndProject
Project("{FAE04EC0-301F-11D3-BF4B-00C04F79EFBC}") = "UnityEditor.TestRunner", "UnityEditor.TestRunner.csproj", "{d4b4ffa8-5c51-6078-61d5-95cbb4aa5c40}"
EndProject
Project("{FAE04EC0-301F-11D3-BF4B-00C04F79EFBC}") = "Unity.Services.Core.Editor", "Unity.Services.Core.Editor.csproj", "{36c1f304-7720-aa69-a287-346dc913573c}"
EndProject
Project("{FAE04EC0-301F-11D3-BF4B-00C04F79EFBC}") = "Unity.TestTools.CodeCoverage.Editor", "Unity.TestTools.CodeCoverage.Editor.csproj", "{77b4a342-b02e-33ec-6ea9-cedc2e4f87d7}"
EndProject
Project("{FAE04EC0-301F-11D3-BF4B-00C04F79EFBC}") = "Unity.Rider.Editor", "Unity.Rider.Editor.csproj", "{624f7541-9297-4b98-f61e-8b80804f8c54}"
EndProject
Project("{FAE04EC0-301F-11D3-BF4B-00C04F79EFBC}") = "Unity.Performance.Profile-Analyzer.Editor", "Unity.Performance.Profile-Analyzer.Editor.csproj", "{948c30ce-84ba-9b28-7d4e-a0578aea51ad}"
EndProject
Project("{FAE04EC0-301F-11D3-BF4B-00C04F79EFBC}") = "Unity.VSCode.Editor", "Unity.VSCode.Editor.csproj", "{358ea3f9-1b2b-e7e2-9469-3f621119c789}"
EndProject
Project("{FAE04EC0-301F-11D3-BF4B-00C04F79EFBC}") = "UnityEditor.UI", "UnityEditor.UI.csproj", "{16be3985-e62f-1ec6-32c8-4e9fe0a60e2e}"
EndProject
Project("{FAE04EC0-301F-11D3-BF4B-00C04F79EFBC}") = "Unity.TestTools.CodeCoverage.Editor.OpenCover.Model", "Unity.TestTools.CodeCoverage.Editor.OpenCover.Model.csproj", "{91229a13-7d98-e7d3-d971-c0f2a27d6319}"
EndProject
Project("{FAE04EC0-301F-11D3-BF4B-00C04F79EFBC}") = "Unity.EditorCoroutines.Editor", "Unity.EditorCoroutines.Editor.csproj", "{f70a43aa-b0ae-9977-ea98-7a5638967568}"
EndProject
Project("{FAE04EC0-301F-11D3-BF4B-00C04F79EFBC}") = "Unity.Settings.Editor", "Unity.Settings.Editor.csproj", "{69e7f2a4-fbef-2cf4-3fdb-220530bfa6d3}"
EndProject
Project("{FAE04EC0-301F-11D3-BF4B-00C04F79EFBC}") = "Unity.Services.Core.Configuration.Editor", "Unity.Services.Core.Configuration.Editor.csproj", "{78acc52e-c2fc-fc1c-9670-2237a3677871}"
EndProject
Project("{FAE04EC0-301F-11D3-BF4B-00C04F79EFBC}") = "Unity.TestTools.CodeCoverage.Editor.OpenCover.Mono.Reflection", "Unity.TestTools.CodeCoverage.Editor.OpenCover.Mono.Reflection.csproj", "{41522d86-1d29-33bb-e06f-a1901babb31f}"
EndProject
Project("{FAE04EC0-301F-11D3-BF4B-00C04F79EFBC}") = "Unity.VisualScripting.Shared.Editor", "Unity.VisualScripting.Shared.Editor.csproj", "{ca752d49-0b83-e678-f152-ebfba8545813}"
EndProject
Global
	GlobalSection(SolutionConfigurationPlatforms) = preSolution
		Debug|Any CPU = Debug|Any CPU
	EndGlobalSection
	GlobalSection(ProjectConfigurationPlatforms) = postSolution
		{dced24e7-9a28-5474-9604-f3e5269c51ce}.Debug|Any CPU.ActiveCfg = Debug|Any CPU
		{dced24e7-9a28-5474-9604-f3e5269c51ce}.Debug|Any CPU.Build.0 = Debug|Any CPU
		{09db1330-1338-fadf-848f-7d52afa237c1}.Debug|Any CPU.ActiveCfg = Debug|Any CPU
		{09db1330-1338-fadf-848f-7d52afa237c1}.Debug|Any CPU.Build.0 = Debug|Any CPU
		{9d0a621b-1ee2-d37e-f5a8-8873903141b8}.Debug|Any CPU.ActiveCfg = Debug|Any CPU
		{9d0a621b-1ee2-d37e-f5a8-8873903141b8}.Debug|Any CPU.Build.0 = Debug|Any CPU
		{82233ba1-94ec-2479-84c4-401c3abd7fa0}.Debug|Any CPU.ActiveCfg = Debug|Any CPU
		{82233ba1-94ec-2479-84c4-401c3abd7fa0}.Debug|Any CPU.Build.0 = Debug|Any CPU
		{840737c1-4610-fde4-f049-7fa2ac59ee6a}.Debug|Any CPU.ActiveCfg = Debug|Any CPU
		{840737c1-4610-fde4-f049-7fa2ac59ee6a}.Debug|Any CPU.Build.0 = Debug|Any CPU
		{d0597972-301b-2910-0d70-3ffe9eeec6dd}.Debug|Any CPU.ActiveCfg = Debug|Any CPU
		{d0597972-301b-2910-0d70-3ffe9eeec6dd}.Debug|Any CPU.Build.0 = Debug|Any CPU
		{544c0f3f-3115-3e11-2312-5f3f17db0ae9}.Debug|Any CPU.ActiveCfg = Debug|Any CPU
		{544c0f3f-3115-3e11-2312-5f3f17db0ae9}.Debug|Any CPU.Build.0 = Debug|Any CPU
		{e2770feb-5724-e6d2-ecfe-5a3d3705b2da}.Debug|Any CPU.ActiveCfg = Debug|Any CPU
		{e2770feb-5724-e6d2-ecfe-5a3d3705b2da}.Debug|Any CPU.Build.0 = Debug|Any CPU
		{8517fd38-c206-46de-19b8-6eb5f26807d1}.Debug|Any CPU.ActiveCfg = Debug|Any CPU
		{8517fd38-c206-46de-19b8-6eb5f26807d1}.Debug|Any CPU.Build.0 = Debug|Any CPU
		{824a423f-8b97-ad8d-d0f6-90637d6ffb40}.Debug|Any CPU.ActiveCfg = Debug|Any CPU
		{824a423f-8b97-ad8d-d0f6-90637d6ffb40}.Debug|Any CPU.Build.0 = Debug|Any CPU
		{02817e4d-ef77-1b0c-7464-ab94fddd0035}.Debug|Any CPU.ActiveCfg = Debug|Any CPU
		{02817e4d-ef77-1b0c-7464-ab94fddd0035}.Debug|Any CPU.Build.0 = Debug|Any CPU
		{884f25f1-235b-fec1-ec4c-1d19eee0f611}.Debug|Any CPU.ActiveCfg = Debug|Any CPU
		{884f25f1-235b-fec1-ec4c-1d19eee0f611}.Debug|Any CPU.Build.0 = Debug|Any CPU
		{1f382c13-337b-8ad1-495b-6b7ee55e1487}.Debug|Any CPU.ActiveCfg = Debug|Any CPU
		{1f382c13-337b-8ad1-495b-6b7ee55e1487}.Debug|Any CPU.Build.0 = Debug|Any CPU
		{b3b30ab6-8b59-8f5c-0428-9ab7220869c7}.Debug|Any CPU.ActiveCfg = Debug|Any CPU
		{b3b30ab6-8b59-8f5c-0428-9ab7220869c7}.Debug|Any CPU.Build.0 = Debug|Any CPU
		{6cb2ed77-5348-d293-0e25-473a1a3f8617}.Debug|Any CPU.ActiveCfg = Debug|Any CPU
		{6cb2ed77-5348-d293-0e25-473a1a3f8617}.Debug|Any CPU.Build.0 = Debug|Any CPU
		{d0ec9109-f85d-0d88-a440-86b3d36f5dda}.Debug|Any CPU.ActiveCfg = Debug|Any CPU
		{d0ec9109-f85d-0d88-a440-86b3d36f5dda}.Debug|Any CPU.Build.0 = Debug|Any CPU
		{cc8dbc29-d856-bcef-8709-42cc26d65193}.Debug|Any CPU.ActiveCfg = Debug|Any CPU
		{cc8dbc29-d856-bcef-8709-42cc26d65193}.Debug|Any CPU.Build.0 = Debug|Any CPU
		{b2847118-bc9a-4deb-2a42-77c7131bff28}.Debug|Any CPU.ActiveCfg = Debug|Any CPU
		{b2847118-bc9a-4deb-2a42-77c7131bff28}.Debug|Any CPU.Build.0 = Debug|Any CPU
		{c1309695-02b3-3a46-603f-cf4f4771c454}.Debug|Any CPU.ActiveCfg = Debug|Any CPU
		{c1309695-02b3-3a46-603f-cf4f4771c454}.Debug|Any CPU.Build.0 = Debug|Any CPU
		{bb6ed1bd-6cca-af75-e014-5e5255f8dd66}.Debug|Any CPU.ActiveCfg = Debug|Any CPU
		{bb6ed1bd-6cca-af75-e014-5e5255f8dd66}.Debug|Any CPU.Build.0 = Debug|Any CPU
		{6f9a13bf-2638-ae35-7a9d-363f9cb0e7f5}.Debug|Any CPU.ActiveCfg = Debug|Any CPU
		{6f9a13bf-2638-ae35-7a9d-363f9cb0e7f5}.Debug|Any CPU.Build.0 = Debug|Any CPU
		{6e7464e0-3793-4a45-9ad6-f24c1e2e6f95}.Debug|Any CPU.ActiveCfg = Debug|Any CPU
		{6e7464e0-3793-4a45-9ad6-f24c1e2e6f95}.Debug|Any CPU.Build.0 = Debug|Any CPU
		{364c0634-6b3e-f620-9eda-96285eb6b724}.Debug|Any CPU.ActiveCfg = Debug|Any CPU
		{364c0634-6b3e-f620-9eda-96285eb6b724}.Debug|Any CPU.Build.0 = Debug|Any CPU
		{489a31e6-3670-c7f8-4587-0bd9524753b5}.Debug|Any CPU.ActiveCfg = Debug|Any CPU
		{489a31e6-3670-c7f8-4587-0bd9524753b5}.Debug|Any CPU.Build.0 = Debug|Any CPU
		{51079d58-552d-b6e4-6593-18791f427bcb}.Debug|Any CPU.ActiveCfg = Debug|Any CPU
		{51079d58-552d-b6e4-6593-18791f427bcb}.Debug|Any CPU.Build.0 = Debug|Any CPU
		{32d8e858-bbcf-4987-69d6-9da15cb4c8c1}.Debug|Any CPU.ActiveCfg = Debug|Any CPU
		{32d8e858-bbcf-4987-69d6-9da15cb4c8c1}.Debug|Any CPU.Build.0 = Debug|Any CPU
		{250ca5b3-4af9-3b25-0586-01f8d7c6547e}.Debug|Any CPU.ActiveCfg = Debug|Any CPU
		{250ca5b3-4af9-3b25-0586-01f8d7c6547e}.Debug|Any CPU.Build.0 = Debug|Any CPU
		{066b6395-d73d-183d-bebe-354f34782d62}.Debug|Any CPU.ActiveCfg = Debug|Any CPU
		{066b6395-d73d-183d-bebe-354f34782d62}.Debug|Any CPU.Build.0 = Debug|Any CPU
		{8005e400-2ab3-0140-0e53-6ce4da0feb28}.Debug|Any CPU.ActiveCfg = Debug|Any CPU
		{8005e400-2ab3-0140-0e53-6ce4da0feb28}.Debug|Any CPU.Build.0 = Debug|Any CPU
		{d4b4ffa8-5c51-6078-61d5-95cbb4aa5c40}.Debug|Any CPU.ActiveCfg = Debug|Any CPU
		{d4b4ffa8-5c51-6078-61d5-95cbb4aa5c40}.Debug|Any CPU.Build.0 = Debug|Any CPU
		{36c1f304-7720-aa69-a287-346dc913573c}.Debug|Any CPU.ActiveCfg = Debug|Any CPU
		{36c1f304-7720-aa69-a287-346dc913573c}.Debug|Any CPU.Build.0 = Debug|Any CPU
		{77b4a342-b02e-33ec-6ea9-cedc2e4f87d7}.Debug|Any CPU.ActiveCfg = Debug|Any CPU
		{77b4a342-b02e-33ec-6ea9-cedc2e4f87d7}.Debug|Any CPU.Build.0 = Debug|Any CPU
		{624f7541-9297-4b98-f61e-8b80804f8c54}.Debug|Any CPU.ActiveCfg = Debug|Any CPU
		{624f7541-9297-4b98-f61e-8b80804f8c54}.Debug|Any CPU.Build.0 = Debug|Any CPU
		{948c30ce-84ba-9b28-7d4e-a0578aea51ad}.Debug|Any CPU.ActiveCfg = Debug|Any CPU
		{948c30ce-84ba-9b28-7d4e-a0578aea51ad}.Debug|Any CPU.Build.0 = Debug|Any CPU
		{358ea3f9-1b2b-e7e2-9469-3f621119c789}.Debug|Any CPU.ActiveCfg = Debug|Any CPU
		{358ea3f9-1b2b-e7e2-9469-3f621119c789}.Debug|Any CPU.Build.0 = Debug|Any CPU
		{16be3985-e62f-1ec6-32c8-4e9fe0a60e2e}.Debug|Any CPU.ActiveCfg = Debug|Any CPU
		{16be3985-e62f-1ec6-32c8-4e9fe0a60e2e}.Debug|Any CPU.Build.0 = Debug|Any CPU
		{91229a13-7d98-e7d3-d971-c0f2a27d6319}.Debug|Any CPU.ActiveCfg = Debug|Any CPU
		{91229a13-7d98-e7d3-d971-c0f2a27d6319}.Debug|Any CPU.Build.0 = Debug|Any CPU
		{f70a43aa-b0ae-9977-ea98-7a5638967568}.Debug|Any CPU.ActiveCfg = Debug|Any CPU
		{f70a43aa-b0ae-9977-ea98-7a5638967568}.Debug|Any CPU.Build.0 = Debug|Any CPU
		{69e7f2a4-fbef-2cf4-3fdb-220530bfa6d3}.Debug|Any CPU.ActiveCfg = Debug|Any CPU
		{69e7f2a4-fbef-2cf4-3fdb-220530bfa6d3}.Debug|Any CPU.Build.0 = Debug|Any CPU
		{78acc52e-c2fc-fc1c-9670-2237a3677871}.Debug|Any CPU.ActiveCfg = Debug|Any CPU
		{78acc52e-c2fc-fc1c-9670-2237a3677871}.Debug|Any CPU.Build.0 = Debug|Any CPU
		{41522d86-1d29-33bb-e06f-a1901babb31f}.Debug|Any CPU.ActiveCfg = Debug|Any CPU
		{41522d86-1d29-33bb-e06f-a1901babb31f}.Debug|Any CPU.Build.0 = Debug|Any CPU
		{ca752d49-0b83-e678-f152-ebfba8545813}.Debug|Any CPU.ActiveCfg = Debug|Any CPU
		{ca752d49-0b83-e678-f152-ebfba8545813}.Debug|Any CPU.Build.0 = Debug|Any CPU
	EndGlobalSection
	GlobalSection(SolutionProperties) = preSolution
		HideSolutionNode = FALSE
	EndGlobalSection
EndGlobal
