
Microsoft Visual Studio Solution File, Format Version 11.00
# Visual Studio 2010
Project("{FAE04EC0-301F-11D3-BF4B-00C04F79EFBC}") = "UnityEngine.TestRunner", "UnityEngine.TestRunner.csproj", "{76780d20-2df9-1d0d-18bc-ca62188d5213}"
EndProject
Project("{FAE04EC0-301F-11D3-BF4B-00C04F79EFBC}") = "UnityEngine.UI", "UnityEngine.UI.csproj", "{cf859f2f-fad9-6772-0d78-407161e2b6e9}"
EndProject
Project("{FAE04EC0-301F-11D3-BF4B-00C04F79EFBC}") = "Unity.VisualScripting.Flow", "Unity.VisualScripting.Flow.csproj", "{491685c2-5442-2b42-34a9-82d0450659c2}"
EndProject
Project("{FAE04EC0-301F-11D3-BF4B-00C04F79EFBC}") = "Unity.Services.Core.Telemetry", "Unity.Services.Core.Telemetry.csproj", "{63c1d39d-5b1f-c6dd-459c-fe96f9d5d949}"
EndProject
Project("{FAE04EC0-301F-11D3-BF4B-00C04F79EFBC}") = "Unity.VisualScripting.State", "Unity.VisualScripting.State.csproj", "{5ea95f6e-e1a6-d427-4481-ee47de69fc5f}"
EndProject
Project("{FAE04EC0-301F-11D3-BF4B-00C04F79EFBC}") = "Unity.VisualScripting.Core", "Unity.VisualScripting.Core.csproj", "{5499e740-ce90-4fe9-4724-14154a26451e}"
EndProject
Project("{FAE04EC0-301F-11D3-BF4B-00C04F79EFBC}") = "Unity.Services.Core.Environments.Internal", "Unity.Services.Core.Environments.Internal.csproj", "{710b5b95-c928-5dd1-db25-8b763545d21b}"
EndProject
Project("{FAE04EC0-301F-11D3-BF4B-00C04F79EFBC}") = "Unity.TextMeshPro", "Unity.TextMeshPro.csproj", "{62a67f17-48d1-5b73-ebef-cee26f11eb26}"
EndProject
Project("{FAE04EC0-301F-11D3-BF4B-00C04F79EFBC}") = "Unity.Timeline", "Unity.Timeline.csproj", "{f840eb02-e064-0c62-0573-2a0ca2761215}"
EndProject
Project("{FAE04EC0-301F-11D3-BF4B-00C04F79EFBC}") = "Unity.Services.Core", "Unity.Services.Core.csproj", "{9480fc09-030c-a831-e665-9bf1c329b275}"
EndProject
Project("{FAE04EC0-301F-11D3-BF4B-00C04F79EFBC}") = "Unity.Services.Core.Environments", "Unity.Services.Core.Environments.csproj", "{9e9d9f11-7541-eeb2-94f8-88aae29fc884}"
EndProject
Project("{FAE04EC0-301F-11D3-BF4B-00C04F79EFBC}") = "Unity.Services.Core.Internal", "Unity.Services.Core.Internal.csproj", "{72fc5498-e552-7574-8439-fcde7e53b866}"
EndProject
Project("{FAE04EC0-301F-11D3-BF4B-00C04F79EFBC}") = "Unity.Services.Core.Analytics", "Unity.Services.Core.Analytics.csproj", "{fdac5029-0735-d5b8-131e-81b40a007b99}"
EndProject
Project("{FAE04EC0-301F-11D3-BF4B-00C04F79EFBC}") = "Unity.Services.Core.Scheduler", "Unity.Services.Core.Scheduler.csproj", "{0a277ef7-54f0-2f04-9bcf-eabf990afc30}"
EndProject
Project("{FAE04EC0-301F-11D3-BF4B-00C04F79EFBC}") = "Unity.Services.Core.Registration", "Unity.Services.Core.Registration.csproj", "{1bb3d186-b2f8-73cc-fc6b-82e3cce265c9}"
EndProject
Project("{FAE04EC0-301F-11D3-BF4B-00C04F79EFBC}") = "Unity.Services.Core.Device", "Unity.Services.Core.Device.csproj", "{986bf653-4bf7-3073-103f-d9daaf19e670}"
EndProject
Project("{FAE04EC0-301F-11D3-BF4B-00C04F79EFBC}") = "Unity.Services.Core.Threading", "Unity.Services.Core.Threading.csproj", "{e47780d8-b833-5ec3-68f7-33fd94d50d4a}"
EndProject
Project("{FAE04EC0-301F-11D3-BF4B-00C04F79EFBC}") = "Unity.Services.Core.Networking", "Unity.Services.Core.Networking.csproj", "{55ccec4c-f4c2-2e76-02cb-1c318c8c648b}"
EndProject
Project("{FAE04EC0-301F-11D3-BF4B-00C04F79EFBC}") = "Unity.Services.Core.Configuration", "Unity.Services.Core.Configuration.csproj", "{17663bc3-4536-6c24-59b6-da7d71b6f27a}"
EndProject
Project("{FAE04EC0-301F-11D3-BF4B-00C04F79EFBC}") = "Unity.PlasticSCM.Editor", "Unity.PlasticSCM.Editor.csproj", "{1dd476d7-887a-d54f-1ccb-7d4fc0be35d8}"
EndProject
Project("{FAE04EC0-301F-11D3-BF4B-00C04F79EFBC}") = "Unity.VisualScripting.Core.Editor", "Unity.VisualScripting.Core.Editor.csproj", "{07b66823-90b8-0ece-33ea-57db883e8ed8}"
EndProject
Project("{FAE04EC0-301F-11D3-BF4B-00C04F79EFBC}") = "Unity.VisualScripting.Flow.Editor", "Unity.VisualScripting.Flow.Editor.csproj", "{2e9a38cb-5158-5519-ec28-3cca9107d9d6}"
EndProject
Project("{FAE04EC0-301F-11D3-BF4B-00C04F79EFBC}") = "Unity.VisualStudio.Editor", "Unity.VisualStudio.Editor.csproj", "{33f95c66-4fd4-bf1c-822e-246f53f3fa6d}"
EndProject
Project("{FAE04EC0-301F-11D3-BF4B-00C04F79EFBC}") = "Unity.Timeline.Editor", "Unity.Timeline.Editor.csproj", "{4d125b21-f380-85e3-15c5-ef079a91007a}"
EndProject
Project("{FAE04EC0-301F-11D3-BF4B-00C04F79EFBC}") = "Unity.VisualScripting.State.Editor", "Unity.VisualScripting.State.Editor.csproj", "{3a62dd78-8394-c065-4048-775e4361e336}"
EndProject
Project("{FAE04EC0-301F-11D3-BF4B-00C04F79EFBC}") = "Unity.TextMeshPro.Editor", "Unity.TextMeshPro.Editor.csproj", "{b68adfac-0bdc-1b84-eaf5-49231dd60fd8}"
EndProject
Project("{FAE04EC0-301F-11D3-BF4B-00C04F79EFBC}") = "Unity.VisualScripting.SettingsProvider.Editor", "Unity.VisualScripting.SettingsProvider.Editor.csproj", "{5b1a77a4-b2df-9eaf-9331-e64fcff54709}"
EndProject
Project("{FAE04EC0-301F-11D3-BF4B-00C04F79EFBC}") = "Unity.CollabProxy.Editor", "Unity.CollabProxy.Editor.csproj", "{d17a72f2-8bda-b542-c1bb-8e26889d26a5}"
EndProject
Project("{FAE04EC0-301F-11D3-BF4B-00C04F79EFBC}") = "UnityEditor.TestRunner", "UnityEditor.TestRunner.csproj", "{0824c09f-a14c-7a25-1bca-e9c80af7d14e}"
EndProject
Project("{FAE04EC0-301F-11D3-BF4B-00C04F79EFBC}") = "Unity.Services.Core.Editor", "Unity.Services.Core.Editor.csproj", "{0540a02f-19b3-ce18-ba32-8b5bf013070e}"
EndProject
Project("{FAE04EC0-301F-11D3-BF4B-00C04F79EFBC}") = "Unity.TestTools.CodeCoverage.Editor", "Unity.TestTools.CodeCoverage.Editor.csproj", "{ae2473fc-5dc1-ba03-1cb0-08e58ae27d2a}"
EndProject
Project("{FAE04EC0-301F-11D3-BF4B-00C04F79EFBC}") = "Unity.Rider.Editor", "Unity.Rider.Editor.csproj", "{bdeb2657-66c1-4875-1dfd-3cf29a3efa8d}"
EndProject
Project("{FAE04EC0-301F-11D3-BF4B-00C04F79EFBC}") = "Unity.Performance.Profile-Analyzer.Editor", "Unity.Performance.Profile-Analyzer.Editor.csproj", "{22e7ef44-53cb-91e0-8c46-592e12d98cb1}"
EndProject
Project("{FAE04EC0-301F-11D3-BF4B-00C04F79EFBC}") = "Unity.VSCode.Editor", "Unity.VSCode.Editor.csproj", "{8acc48a2-9701-e3f1-f135-803540a1adeb}"
EndProject
Project("{FAE04EC0-301F-11D3-BF4B-00C04F79EFBC}") = "UnityEditor.UI", "UnityEditor.UI.csproj", "{434e43d5-0184-c294-b9fa-2f284f2c2a1b}"
EndProject
Project("{FAE04EC0-301F-11D3-BF4B-00C04F79EFBC}") = "Unity.TestTools.CodeCoverage.Editor.OpenCover.Model", "Unity.TestTools.CodeCoverage.Editor.OpenCover.Model.csproj", "{a8deb3c7-ed9e-c4d3-5eb8-f76355f0f26c}"
EndProject
Project("{FAE04EC0-301F-11D3-BF4B-00C04F79EFBC}") = "Unity.EditorCoroutines.Editor", "Unity.EditorCoroutines.Editor.csproj", "{32187b70-7271-721a-411b-4b131420610c}"
EndProject
Project("{FAE04EC0-301F-11D3-BF4B-00C04F79EFBC}") = "Unity.Settings.Editor", "Unity.Settings.Editor.csproj", "{bf17a2a6-6392-1e83-347e-528a3423364a}"
EndProject
Project("{FAE04EC0-301F-11D3-BF4B-00C04F79EFBC}") = "Unity.Services.Core.Configuration.Editor", "Unity.Services.Core.Configuration.Editor.csproj", "{c7614ccb-e880-7f58-1fda-e29f490ef395}"
EndProject
Project("{FAE04EC0-301F-11D3-BF4B-00C04F79EFBC}") = "Unity.TestTools.CodeCoverage.Editor.OpenCover.Mono.Reflection", "Unity.TestTools.CodeCoverage.Editor.OpenCover.Mono.Reflection.csproj", "{121d0c01-e30a-4874-f9b8-0bbcd272c796}"
EndProject
Project("{FAE04EC0-301F-11D3-BF4B-00C04F79EFBC}") = "Unity.VisualScripting.Shared.Editor", "Unity.VisualScripting.Shared.Editor.csproj", "{4334a0e9-2af6-bd02-068e-138b2c00dd7a}"
EndProject
Global
	GlobalSection(SolutionConfigurationPlatforms) = preSolution
		Debug|Any CPU = Debug|Any CPU
	EndGlobalSection
	GlobalSection(ProjectConfigurationPlatforms) = postSolution
		{76780d20-2df9-1d0d-18bc-ca62188d5213}.Debug|Any CPU.ActiveCfg = Debug|Any CPU
		{76780d20-2df9-1d0d-18bc-ca62188d5213}.Debug|Any CPU.Build.0 = Debug|Any CPU
		{cf859f2f-fad9-6772-0d78-407161e2b6e9}.Debug|Any CPU.ActiveCfg = Debug|Any CPU
		{cf859f2f-fad9-6772-0d78-407161e2b6e9}.Debug|Any CPU.Build.0 = Debug|Any CPU
		{491685c2-5442-2b42-34a9-82d0450659c2}.Debug|Any CPU.ActiveCfg = Debug|Any CPU
		{491685c2-5442-2b42-34a9-82d0450659c2}.Debug|Any CPU.Build.0 = Debug|Any CPU
		{63c1d39d-5b1f-c6dd-459c-fe96f9d5d949}.Debug|Any CPU.ActiveCfg = Debug|Any CPU
		{63c1d39d-5b1f-c6dd-459c-fe96f9d5d949}.Debug|Any CPU.Build.0 = Debug|Any CPU
		{5ea95f6e-e1a6-d427-4481-ee47de69fc5f}.Debug|Any CPU.ActiveCfg = Debug|Any CPU
		{5ea95f6e-e1a6-d427-4481-ee47de69fc5f}.Debug|Any CPU.Build.0 = Debug|Any CPU
		{5499e740-ce90-4fe9-4724-14154a26451e}.Debug|Any CPU.ActiveCfg = Debug|Any CPU
		{5499e740-ce90-4fe9-4724-14154a26451e}.Debug|Any CPU.Build.0 = Debug|Any CPU
		{710b5b95-c928-5dd1-db25-8b763545d21b}.Debug|Any CPU.ActiveCfg = Debug|Any CPU
		{710b5b95-c928-5dd1-db25-8b763545d21b}.Debug|Any CPU.Build.0 = Debug|Any CPU
		{62a67f17-48d1-5b73-ebef-cee26f11eb26}.Debug|Any CPU.ActiveCfg = Debug|Any CPU
		{62a67f17-48d1-5b73-ebef-cee26f11eb26}.Debug|Any CPU.Build.0 = Debug|Any CPU
		{f840eb02-e064-0c62-0573-2a0ca2761215}.Debug|Any CPU.ActiveCfg = Debug|Any CPU
		{f840eb02-e064-0c62-0573-2a0ca2761215}.Debug|Any CPU.Build.0 = Debug|Any CPU
		{9480fc09-030c-a831-e665-9bf1c329b275}.Debug|Any CPU.ActiveCfg = Debug|Any CPU
		{9480fc09-030c-a831-e665-9bf1c329b275}.Debug|Any CPU.Build.0 = Debug|Any CPU
		{9e9d9f11-7541-eeb2-94f8-88aae29fc884}.Debug|Any CPU.ActiveCfg = Debug|Any CPU
		{9e9d9f11-7541-eeb2-94f8-88aae29fc884}.Debug|Any CPU.Build.0 = Debug|Any CPU
		{72fc5498-e552-7574-8439-fcde7e53b866}.Debug|Any CPU.ActiveCfg = Debug|Any CPU
		{72fc5498-e552-7574-8439-fcde7e53b866}.Debug|Any CPU.Build.0 = Debug|Any CPU
		{fdac5029-0735-d5b8-131e-81b40a007b99}.Debug|Any CPU.ActiveCfg = Debug|Any CPU
		{fdac5029-0735-d5b8-131e-81b40a007b99}.Debug|Any CPU.Build.0 = Debug|Any CPU
		{0a277ef7-54f0-2f04-9bcf-eabf990afc30}.Debug|Any CPU.ActiveCfg = Debug|Any CPU
		{0a277ef7-54f0-2f04-9bcf-eabf990afc30}.Debug|Any CPU.Build.0 = Debug|Any CPU
		{1bb3d186-b2f8-73cc-fc6b-82e3cce265c9}.Debug|Any CPU.ActiveCfg = Debug|Any CPU
		{1bb3d186-b2f8-73cc-fc6b-82e3cce265c9}.Debug|Any CPU.Build.0 = Debug|Any CPU
		{986bf653-4bf7-3073-103f-d9daaf19e670}.Debug|Any CPU.ActiveCfg = Debug|Any CPU
		{986bf653-4bf7-3073-103f-d9daaf19e670}.Debug|Any CPU.Build.0 = Debug|Any CPU
		{e47780d8-b833-5ec3-68f7-33fd94d50d4a}.Debug|Any CPU.ActiveCfg = Debug|Any CPU
		{e47780d8-b833-5ec3-68f7-33fd94d50d4a}.Debug|Any CPU.Build.0 = Debug|Any CPU
		{55ccec4c-f4c2-2e76-02cb-1c318c8c648b}.Debug|Any CPU.ActiveCfg = Debug|Any CPU
		{55ccec4c-f4c2-2e76-02cb-1c318c8c648b}.Debug|Any CPU.Build.0 = Debug|Any CPU
		{17663bc3-4536-6c24-59b6-da7d71b6f27a}.Debug|Any CPU.ActiveCfg = Debug|Any CPU
		{17663bc3-4536-6c24-59b6-da7d71b6f27a}.Debug|Any CPU.Build.0 = Debug|Any CPU
		{1dd476d7-887a-d54f-1ccb-7d4fc0be35d8}.Debug|Any CPU.ActiveCfg = Debug|Any CPU
		{1dd476d7-887a-d54f-1ccb-7d4fc0be35d8}.Debug|Any CPU.Build.0 = Debug|Any CPU
		{07b66823-90b8-0ece-33ea-57db883e8ed8}.Debug|Any CPU.ActiveCfg = Debug|Any CPU
		{07b66823-90b8-0ece-33ea-57db883e8ed8}.Debug|Any CPU.Build.0 = Debug|Any CPU
		{2e9a38cb-5158-5519-ec28-3cca9107d9d6}.Debug|Any CPU.ActiveCfg = Debug|Any CPU
		{2e9a38cb-5158-5519-ec28-3cca9107d9d6}.Debug|Any CPU.Build.0 = Debug|Any CPU
		{33f95c66-4fd4-bf1c-822e-246f53f3fa6d}.Debug|Any CPU.ActiveCfg = Debug|Any CPU
		{33f95c66-4fd4-bf1c-822e-246f53f3fa6d}.Debug|Any CPU.Build.0 = Debug|Any CPU
		{4d125b21-f380-85e3-15c5-ef079a91007a}.Debug|Any CPU.ActiveCfg = Debug|Any CPU
		{4d125b21-f380-85e3-15c5-ef079a91007a}.Debug|Any CPU.Build.0 = Debug|Any CPU
		{3a62dd78-8394-c065-4048-775e4361e336}.Debug|Any CPU.ActiveCfg = Debug|Any CPU
		{3a62dd78-8394-c065-4048-775e4361e336}.Debug|Any CPU.Build.0 = Debug|Any CPU
		{b68adfac-0bdc-1b84-eaf5-49231dd60fd8}.Debug|Any CPU.ActiveCfg = Debug|Any CPU
		{b68adfac-0bdc-1b84-eaf5-49231dd60fd8}.Debug|Any CPU.Build.0 = Debug|Any CPU
		{5b1a77a4-b2df-9eaf-9331-e64fcff54709}.Debug|Any CPU.ActiveCfg = Debug|Any CPU
		{5b1a77a4-b2df-9eaf-9331-e64fcff54709}.Debug|Any CPU.Build.0 = Debug|Any CPU
		{d17a72f2-8bda-b542-c1bb-8e26889d26a5}.Debug|Any CPU.ActiveCfg = Debug|Any CPU
		{d17a72f2-8bda-b542-c1bb-8e26889d26a5}.Debug|Any CPU.Build.0 = Debug|Any CPU
		{0824c09f-a14c-7a25-1bca-e9c80af7d14e}.Debug|Any CPU.ActiveCfg = Debug|Any CPU
		{0824c09f-a14c-7a25-1bca-e9c80af7d14e}.Debug|Any CPU.Build.0 = Debug|Any CPU
		{0540a02f-19b3-ce18-ba32-8b5bf013070e}.Debug|Any CPU.ActiveCfg = Debug|Any CPU
		{0540a02f-19b3-ce18-ba32-8b5bf013070e}.Debug|Any CPU.Build.0 = Debug|Any CPU
		{ae2473fc-5dc1-ba03-1cb0-08e58ae27d2a}.Debug|Any CPU.ActiveCfg = Debug|Any CPU
		{ae2473fc-5dc1-ba03-1cb0-08e58ae27d2a}.Debug|Any CPU.Build.0 = Debug|Any CPU
		{bdeb2657-66c1-4875-1dfd-3cf29a3efa8d}.Debug|Any CPU.ActiveCfg = Debug|Any CPU
		{bdeb2657-66c1-4875-1dfd-3cf29a3efa8d}.Debug|Any CPU.Build.0 = Debug|Any CPU
		{22e7ef44-53cb-91e0-8c46-592e12d98cb1}.Debug|Any CPU.ActiveCfg = Debug|Any CPU
		{22e7ef44-53cb-91e0-8c46-592e12d98cb1}.Debug|Any CPU.Build.0 = Debug|Any CPU
		{8acc48a2-9701-e3f1-f135-803540a1adeb}.Debug|Any CPU.ActiveCfg = Debug|Any CPU
		{8acc48a2-9701-e3f1-f135-803540a1adeb}.Debug|Any CPU.Build.0 = Debug|Any CPU
		{434e43d5-0184-c294-b9fa-2f284f2c2a1b}.Debug|Any CPU.ActiveCfg = Debug|Any CPU
		{434e43d5-0184-c294-b9fa-2f284f2c2a1b}.Debug|Any CPU.Build.0 = Debug|Any CPU
		{a8deb3c7-ed9e-c4d3-5eb8-f76355f0f26c}.Debug|Any CPU.ActiveCfg = Debug|Any CPU
		{a8deb3c7-ed9e-c4d3-5eb8-f76355f0f26c}.Debug|Any CPU.Build.0 = Debug|Any CPU
		{32187b70-7271-721a-411b-4b131420610c}.Debug|Any CPU.ActiveCfg = Debug|Any CPU
		{32187b70-7271-721a-411b-4b131420610c}.Debug|Any CPU.Build.0 = Debug|Any CPU
		{bf17a2a6-6392-1e83-347e-528a3423364a}.Debug|Any CPU.ActiveCfg = Debug|Any CPU
		{bf17a2a6-6392-1e83-347e-528a3423364a}.Debug|Any CPU.Build.0 = Debug|Any CPU
		{c7614ccb-e880-7f58-1fda-e29f490ef395}.Debug|Any CPU.ActiveCfg = Debug|Any CPU
		{c7614ccb-e880-7f58-1fda-e29f490ef395}.Debug|Any CPU.Build.0 = Debug|Any CPU
		{121d0c01-e30a-4874-f9b8-0bbcd272c796}.Debug|Any CPU.ActiveCfg = Debug|Any CPU
		{121d0c01-e30a-4874-f9b8-0bbcd272c796}.Debug|Any CPU.Build.0 = Debug|Any CPU
		{4334a0e9-2af6-bd02-068e-138b2c00dd7a}.Debug|Any CPU.ActiveCfg = Debug|Any CPU
		{4334a0e9-2af6-bd02-068e-138b2c00dd7a}.Debug|Any CPU.Build.0 = Debug|Any CPU
	EndGlobalSection
	GlobalSection(SolutionProperties) = preSolution
		HideSolutionNode = FALSE
	EndGlobalSection
EndGlobal
